{
  "name": "cashier-system",
  "version": "1.0.0",
  "lockfileVersion": 3,
  "requires": true,
  "packages": {
    "": {
      "name": "cashier-system",
      "version": "1.0.0",
      "dependencies": {
        "@supabase/supabase-js": "^2.39.0",
        "element-plus": "^2.4.4",
        "pinia": "^2.1.7",
        "vue": "^3.3.8",
        "vue-router": "^4.2.5"
      },
      "devDependencies": {
        "@vitejs/plugin-vue": "^4.5.0",
        "vite": "^4.5.0"
      }
    }
  }
}
